
Microsoft Visual Studio Solution File, Format Version 12.00
# Visual Studio Version 16
VisualStudioVersion = 16.0.30114.105
MinimumVisualStudioVersion = 10.0.40219.1
Project("{FAE04EC0-301F-11D3-BF4B-00C04F79EFBC}") = "Behnammby.Uow", "Behnammby.Uow\Behnammby.Uow.csproj", "{DCC9FBF6-B938-479B-94E8-86D2FA97497F}"
EndProject
Project("{FAE04EC0-301F-11D3-BF4B-00C04F79EFBC}") = "Behnammby.DataAccessLayer", "Behnammby.DataAccessLayer\Behnammby.DataAccessLayer.csproj", "{763592DF-F069-4768-9A42-5E46771223DA}"
EndProject
Project("{FAE04EC0-301F-11D3-BF4B-00C04F79EFBC}") = "Behnammby.Phonebook.BusinessAccessLayer", "Behnammby.Phonebook.BusinessAccessLayer\Behnammby.Phonebook.BusinessAccessLayer.csproj", "{893E2B47-8BC3-4472-B5DF-A7CB992F7807}"
EndProject
Global
	GlobalSection(SolutionConfigurationPlatforms) = preSolution
		Debug|Any CPU = Debug|Any CPU
		Debug|x64 = Debug|x64
		Debug|x86 = Debug|x86
		Release|Any CPU = Release|Any CPU
		Release|x64 = Release|x64
		Release|x86 = Release|x86
	EndGlobalSection
	GlobalSection(SolutionProperties) = preSolution
		HideSolutionNode = FALSE
	EndGlobalSection
	GlobalSection(ProjectConfigurationPlatforms) = postSolution
		{DCC9FBF6-B938-479B-94E8-86D2FA97497F}.Debug|Any CPU.ActiveCfg = Debug|Any CPU
		{DCC9FBF6-B938-479B-94E8-86D2FA97497F}.Debug|Any CPU.Build.0 = Debug|Any CPU
		{DCC9FBF6-B938-479B-94E8-86D2FA97497F}.Debug|x64.ActiveCfg = Debug|Any CPU
		{DCC9FBF6-B938-479B-94E8-86D2FA97497F}.Debug|x64.Build.0 = Debug|Any CPU
		{DCC9FBF6-B938-479B-94E8-86D2FA97497F}.Debug|x86.ActiveCfg = Debug|Any CPU
		{DCC9FBF6-B938-479B-94E8-86D2FA97497F}.Debug|x86.Build.0 = Debug|Any CPU
		{DCC9FBF6-B938-479B-94E8-86D2FA97497F}.Release|Any CPU.ActiveCfg = Release|Any CPU
		{DCC9FBF6-B938-479B-94E8-86D2FA97497F}.Release|Any CPU.Build.0 = Release|Any CPU
		{DCC9FBF6-B938-479B-94E8-86D2FA97497F}.Release|x64.ActiveCfg = Release|Any CPU
		{DCC9FBF6-B938-479B-94E8-86D2FA97497F}.Release|x64.Build.0 = Release|Any CPU
		{DCC9FBF6-B938-479B-94E8-86D2FA97497F}.Release|x86.ActiveCfg = Release|Any CPU
		{DCC9FBF6-B938-479B-94E8-86D2FA97497F}.Release|x86.Build.0 = Release|Any CPU
		{763592DF-F069-4768-9A42-5E46771223DA}.Debug|Any CPU.ActiveCfg = Debug|Any CPU
		{763592DF-F069-4768-9A42-5E46771223DA}.Debug|Any CPU.Build.0 = Debug|Any CPU
		{763592DF-F069-4768-9A42-5E46771223DA}.Debug|x64.ActiveCfg = Debug|Any CPU
		{763592DF-F069-4768-9A42-5E46771223DA}.Debug|x64.Build.0 = Debug|Any CPU
		{763592DF-F069-4768-9A42-5E46771223DA}.Debug|x86.ActiveCfg = Debug|Any CPU
		{763592DF-F069-4768-9A42-5E46771223DA}.Debug|x86.Build.0 = Debug|Any CPU
		{763592DF-F069-4768-9A42-5E46771223DA}.Release|Any CPU.ActiveCfg = Release|Any CPU
		{763592DF-F069-4768-9A42-5E46771223DA}.Release|Any CPU.Build.0 = Release|Any CPU
		{763592DF-F069-4768-9A42-5E46771223DA}.Release|x64.ActiveCfg = Release|Any CPU
		{763592DF-F069-4768-9A42-5E46771223DA}.Release|x64.Build.0 = Release|Any CPU
		{763592DF-F069-4768-9A42-5E46771223DA}.Release|x86.ActiveCfg = Release|Any CPU
		{763592DF-F069-4768-9A42-5E46771223DA}.Release|x86.Build.0 = Release|Any CPU
		{893E2B47-8BC3-4472-B5DF-A7CB992F7807}.Debug|Any CPU.ActiveCfg = Debug|Any CPU
		{893E2B47-8BC3-4472-B5DF-A7CB992F7807}.Debug|Any CPU.Build.0 = Debug|Any CPU
		{893E2B47-8BC3-4472-B5DF-A7CB992F7807}.Debug|x64.ActiveCfg = Debug|Any CPU
		{893E2B47-8BC3-4472-B5DF-A7CB992F7807}.Debug|x64.Build.0 = Debug|Any CPU
		{893E2B47-8BC3-4472-B5DF-A7CB992F7807}.Debug|x86.ActiveCfg = Debug|Any CPU
		{893E2B47-8BC3-4472-B5DF-A7CB992F7807}.Debug|x86.Build.0 = Debug|Any CPU
		{893E2B47-8BC3-4472-B5DF-A7CB992F7807}.Release|Any CPU.ActiveCfg = Release|Any CPU
		{893E2B47-8BC3-4472-B5DF-A7CB992F7807}.Release|Any CPU.Build.0 = Release|Any CPU
		{893E2B47-8BC3-4472-B5DF-A7CB992F7807}.Release|x64.ActiveCfg = Release|Any CPU
		{893E2B47-8BC3-4472-B5DF-A7CB992F7807}.Release|x64.Build.0 = Release|Any CPU
		{893E2B47-8BC3-4472-B5DF-A7CB992F7807}.Release|x86.ActiveCfg = Release|Any CPU
		{893E2B47-8BC3-4472-B5DF-A7CB992F7807}.Release|x86.Build.0 = Release|Any CPU
	EndGlobalSection
EndGlobal
